
Microsoft Visual Studio Solution File, Format Version 12.00
# Visual Studio Version 17
VisualStudioVersion = 17.0.32126.317
MinimumVisualStudioVersion = 10.0.40219.1
Project("{FAE04EC0-301F-11D3-BF4B-00C04F79EFBC}") = "State_pattern_example", "State_pattern_example.csproj", "{4BB9459D-93D2-4D36-A945-FC4D9440D3E5}"
EndProject
Global
	GlobalSection(SolutionConfigurationPlatforms) = preSolution
		Debug|Any CPU = Debug|Any CPU
		Release|Any CPU = Release|Any CPU
	EndGlobalSection
	GlobalSection(ProjectConfigurationPlatforms) = postSolution
		{4BB9459D-93D2-4D36-A945-FC4D9440D3E5}.Debug|Any CPU.ActiveCfg = Debug|Any CPU
		{4BB9459D-93D2-4D36-A945-FC4D9440D3E5}.Debug|Any CPU.Build.0 = Debug|Any CPU
		{4BB9459D-93D2-4D36-A945-FC4D9440D3E5}.Release|Any CPU.ActiveCfg = Release|Any CPU
		{4BB9459D-93D2-4D36-A945-FC4D9440D3E5}.Release|Any CPU.Build.0 = Release|Any CPU
	EndGlobalSection
	GlobalSection(SolutionProperties) = preSolution
		HideSolutionNode = FALSE
	EndGlobalSection
	GlobalSection(ExtensibilityGlobals) = postSolution
		SolutionGuid = {0D97495D-181E-4FE3-B001-9B88DAEB1EC2}
	EndGlobalSection
EndGlobal
